{
  "pins" : [
    {
      "identity" : "peakoperation",
      "kind" : "remoteSourceControl",
      "location" : "git@github.com:3Squared/PeakOperation.git",
      "state" : {
        "branch" : "develop",
        "revision" : "35811e5f3dc539a185601c6b3d54e0a9f9481cb1"
      }
    }
  ],
  "version" : 2
}
