{
  "originHash" : "3bb68a1f608bf8eb6c2f04672ecd943799d9621f0f900b8e66e397d10825d76b",
  "pins" : [
    {
      "identity" : "euclid",
      "kind" : "remoteSourceControl",
      "location" : "git@github.com:nicklockwood/Euclid.git",
      "state" : {
        "branch" : "main",
        "revision" : "82fb502ddb03d1e16b6343d0a1dab1a8028539e8"
      }
    }
  ],
  "version" : 3
}
